// !$*UTF8*$!
{
	archiveVersion = 1;
	classes = {
	};
	objectVersion = 50;
	objects = {

/* Begin PBXBuildFile section */
		7FBBF71C23ECA280001D8DD9 /* AppDelegate.swift in Sources */ = {isa = PBXBuildFile; fileRef = 7FBBF71B23ECA280001D8DD9 /* AppDelegate.swift */; };
		7FBBF71E23ECA280001D8DD9 /* ViewController.swift in Sources */ = {isa = PBXBuildFile; fileRef = 7FBBF71D23ECA280001D8DD9 /* ViewController.swift */; };
		7FBBF72123ECA281001D8DD9 /* Main.storyboard in Resources */ = {isa = PBXBuildFile; fileRef = 7FBBF71F23ECA281001D8DD9 /* Main.storyboard */; };
		7FBBF72323ECA282001D8DD9 /* Assets.xcassets in Resources */ = {isa = PBXBuildFile; fileRef = 7FBBF72223ECA282001D8DD9 /* Assets.xcassets */; };
		7FBBF72623ECA282001D8DD9 /* LaunchScreen.storyboard in Resources */ = {isa = PBXBuildFile; fileRef = 7FBBF72423ECA282001D8DD9 /* LaunchScreen.storyboard */; };
		7FBBF73123ECA283001D8DD9 /* Hackwick11Tests.swift in Sources */ = {isa = PBXBuildFile; fileRef = 7FBBF73023ECA283001D8DD9 /* Hackwick11Tests.swift */; };
		7FBBF73C23ECA283001D8DD9 /* Hackwick11UITests.swift in Sources */ = {isa = PBXBuildFile; fileRef = 7FBBF73B23ECA283001D8DD9 /* Hackwick11UITests.swift */; };
/* End PBXBuildFile section */

/* Begin PBXContainerItemProxy section */
		7FBBF72D23ECA283001D8DD9 /* PBXContainerItemProxy */ = {
			isa = PBXContainerItemProxy;
			containerPortal = 7FBBF71023ECA280001D8DD9 /* Project object */;
			proxyType = 1;
			remoteGlobalIDString = 7FBBF71723ECA280001D8DD9;
			remoteInfo = Hackwick11;
		};
		7FBBF73823ECA283001D8DD9 /* PBXContainerItemProxy */ = {
			isa = PBXContainerItemProxy;
			containerPortal = 7FBBF71023ECA280001D8DD9 /* Project object */;
			proxyType = 1;
			remoteGlobalIDString = 7FBBF71723ECA280001D8DD9;
			remoteInfo = Hackwick11;
		};
/* End PBXContainerItemProxy section */

/* Begin PBXFileReference section */
		7FBBF71823ECA280001D8DD9 /* Hackwick11.app */ = {isa = PBXFileReference; explicitFileType = wrapper.application; includeInIndex = 0; path = Hackwick11.app; sourceTree = BUILT_PRODUCTS_DIR; };
		7FBBF71B23ECA280001D8DD9 /* AppDelegate.swift */ = {isa = PBXFileReference; lastKnownFileType = sourcecode.swift; path = AppDelegate.swift; sourceTree = "<group>"; };
		7FBBF71D23ECA280001D8DD9 /* ViewController.swift */ = {isa = PBXFileReference; lastKnownFileType = sourcecode.swift; path = ViewController.swift; sourceTree = "<group>"; };
		7FBBF72023ECA281001D8DD9 /* Base */ = {isa = PBXFileReference; lastKnownFileType = file.storyboard; name = Base; path = Base.lproj/Main.storyboard; sourceTree = "<group>"; };
		7FBBF72223ECA282001D8DD9 /* Assets.xcassets */ = {isa = PBXFileReference; lastKnownFileType = folder.assetcatalog; path = Assets.xcassets; sourceTree = "<group>"; };
		7FBBF72523ECA282001D8DD9 /* Base */ = {isa = PBXFileReference; lastKnownFileType = file.storyboard; name = Base; path = Base.lproj/LaunchScreen.storyboard; sourceTree = "<group>"; };
		7FBBF72723ECA283001D8DD9 /* Info.plist */ = {isa = PBXFileReference; lastKnownFileType = text.plist.xml; path = Info.plist; sourceTree = "<group>"; };
		7FBBF72C23ECA283001D8DD9 /* Hackwick11Tests.xctest */ = {isa = PBXFileReference; explicitFileType = wrapper.cfbundle; includeInIndex = 0; path = Hackwick11Tests.xctest; sourceTree = BUILT_PRODUCTS_DIR; };
		7FBBF73023ECA283001D8DD9 /* Hackwick11Tests.swift */ = {isa = PBXFileReference; lastKnownFileType = sourcecode.swift; path = Hackwick11Tests.swift; sourceTree = "<group>"; };
		7FBBF73223ECA283001D8DD9 /* Info.plist */ = {isa = PBXFileReference; lastKnownFileType = text.plist.xml; path = Info.plist; sourceTree = "<group>"; };
		7FBBF73723ECA283001D8DD9 /* Hackwick11UITests.xctest */ = {isa = PBXFileReference; explicitFileType = wrapper.cfbundle; includeInIndex = 0; path = Hackwick11UITests.xctest; sourceTree = BUILT_PRODUCTS_DIR; };
		7FBBF73B23ECA283001D8DD9 /* Hackwick11UITests.swift */ = {isa = PBXFileReference; lastKnownFileType = sourcecode.swift; path = Hackwick11UITests.swift; sourceTree = "<group>"; };
		7FBBF73D23ECA283001D8DD9 /* Info.plist */ = {isa = PBXFileReference; lastKnownFileType = text.plist.xml; path = Info.plist; sourceTree = "<group>"; };
/* End PBXFileReference section */

/* Begin PBXFrameworksBuildPhase section */
		7FBBF71523ECA280001D8DD9 /* Frameworks */ = {
			isa = PBXFrameworksBuildPhase;
			buildActionMask = 2147483647;
			files = (
			);
			runOnlyForDeploymentPostprocessing = 0;
		};
		7FBBF72923ECA283001D8DD9 /* Frameworks */ = {
			isa = PBXFrameworksBuildPhase;
			buildActionMask = 2147483647;
			files = (
			);
			runOnlyForDeploymentPostprocessing = 0;
		};
		7FBBF73423ECA283001D8DD9 /* Frameworks */ = {
			isa = PBXFrameworksBuildPhase;
			buildActionMask = 2147483647;
			files = (
			);
			runOnlyForDeploymentPostprocessing = 0;
		};
/* End PBXFrameworksBuildPhase section */

/* Begin PBXGroup section */
		7FBBF70F23ECA280001D8DD9 = {
			isa = PBXGroup;
			children = (
				7FBBF71A23ECA280001D8DD9 /* Hackwick11 */,
				7FBBF72F23ECA283001D8DD9 /* Hackwick11Tests */,
				7FBBF73A23ECA283001D8DD9 /* Hackwick11UITests */,
				7FBBF71923ECA280001D8DD9 /* Products */,
			);
			sourceTree = "<group>";
		};
		7FBBF71923ECA280001D8DD9 /* Products */ = {
			isa = PBXGroup;
			children = (
				7FBBF71823ECA280001D8DD9 /* Hackwick11.app */,
				7FBBF72C23ECA283001D8DD9 /* Hackwick11Tests.xctest */,
				7FBBF73723ECA283001D8DD9 /* Hackwick11UITests.xctest */,
			);
			name = Products;
			sourceTree = "<group>";
		};
		7FBBF71A23ECA280001D8DD9 /* Hackwick11 */ = {
			isa = PBXGroup;
			children = (
				7FBBF71B23ECA280001D8DD9 /* AppDelegate.swift */,
				7FBBF71D23ECA280001D8DD9 /* ViewController.swift */,
				7FBBF71F23ECA281001D8DD9 /* Main.storyboard */,
				7FBBF72223ECA282001D8DD9 /* Assets.xcassets */,
				7FBBF72423ECA282001D8DD9 /* LaunchScreen.storyboard */,
				7FBBF72723ECA283001D8DD9 /* Info.plist */,
			);
			path = Hackwick11;
			sourceTree = "<group>";
		};
		7FBBF72F23ECA283001D8DD9 /* Hackwick11Tests */ = {
			isa = PBXGroup;
			children = (
				7FBBF73023ECA283001D8DD9 /* Hackwick11Tests.swift */,
				7FBBF73223ECA283001D8DD9 /* Info.plist */,
			);
			path = Hackwick11Tests;
			sourceTree = "<group>";
		};
		7FBBF73A23ECA283001D8DD9 /* Hackwick11UITests */ = {
			isa = PBXGroup;
			children = (
				7FBBF73B23ECA283001D8DD9 /* Hackwick11UITests.swift */,
				7FBBF73D23ECA283001D8DD9 /* Info.plist */,
			);
			path = Hackwick11UITests;
			sourceTree = "<group>";
		};
/* End PBXGroup section */

/* Begin PBXNativeTarget section */
		7FBBF71723ECA280001D8DD9 /* Hackwick11 */ = {
			isa = PBXNativeTarget;
			buildConfigurationList = 7FBBF74023ECA283001D8DD9 /* Build configuration list for PBXNativeTarget "Hackwick11" */;
			buildPhases = (
				7FBBF71423ECA280001D8DD9 /* Sources */,
				7FBBF71523ECA280001D8DD9 /* Frameworks */,
				7FBBF71623ECA280001D8DD9 /* Resources */,
			);
			buildRules = (
			);
			dependencies = (
			);
			name = Hackwick11;
			productName = Hackwick11;
			productReference = 7FBBF71823ECA280001D8DD9 /* Hackwick11.app */;
			productType = "com.apple.product-type.application";
		};
		7FBBF72B23ECA283001D8DD9 /* Hackwick11Tests */ = {
			isa = PBXNativeTarget;
			buildConfigurationList = 7FBBF74323ECA283001D8DD9 /* Build configuration list for PBXNativeTarget "Hackwick11Tests" */;
			buildPhases = (
				7FBBF72823ECA283001D8DD9 /* Sources */,
				7FBBF72923ECA283001D8DD9 /* Frameworks */,
				7FBBF72A23ECA283001D8DD9 /* Resources */,
			);
			buildRules = (
			);
			dependencies = (
				7FBBF72E23ECA283001D8DD9 /* PBXTargetDependency */,
			);
			name = Hackwick11Tests;
			productName = Hackwick11Tests;
			productReference = 7FBBF72C23ECA283001D8DD9 /* Hackwick11Tests.xctest */;
			productType = "com.apple.product-type.bundle.unit-test";
		};
		7FBBF73623ECA283001D8DD9 /* Hackwick11UITests */ = {
			isa = PBXNativeTarget;
			buildConfigurationList = 7FBBF74623ECA283001D8DD9 /* Build configuration list for PBXNativeTarget "Hackwick11UITests" */;
			buildPhases = (
				7FBBF73323ECA283001D8DD9 /* Sources */,
				7FBBF73423ECA283001D8DD9 /* Frameworks */,
				7FBBF73523ECA283001D8DD9 /* Resources */,
			);
			buildRules = (
			);
			dependencies = (
				7FBBF73923ECA283001D8DD9 /* PBXTargetDependency */,
			);
			name = Hackwick11UITests;
			productName = Hackwick11UITests;
			productReference = 7FBBF73723ECA283001D8DD9 /* Hackwick11UITests.xctest */;
			productType = "com.apple.product-type.bundle.ui-testing";
		};
/* End PBXNativeTarget section */

/* Begin PBXProject section */
		7FBBF71023ECA280001D8DD9 /* Project object */ = {
			isa = PBXProject;
			attributes = {
				LastSwiftUpdateCheck = 1010;
				LastUpgradeCheck = 1010;
				ORGANIZATIONNAME = "CM Student";
				TargetAttributes = {
					7FBBF71723ECA280001D8DD9 = {
						CreatedOnToolsVersion = 10.1;
					};
					7FBBF72B23ECA283001D8DD9 = {
						CreatedOnToolsVersion = 10.1;
						TestTargetID = 7FBBF71723ECA280001D8DD9;
					};
					7FBBF73623ECA283001D8DD9 = {
						CreatedOnToolsVersion = 10.1;
						TestTargetID = 7FBBF71723ECA280001D8DD9;
					};
				};
			};
			buildConfigurationList = 7FBBF71323ECA280001D8DD9 /* Build configuration list for PBXProject "Hackwick11" */;
			compatibilityVersion = "Xcode 9.3";
			developmentRegion = en;
			hasScannedForEncodings = 0;
			knownRegions = (
				en,
				Base,
			);
			mainGroup = 7FBBF70F23ECA280001D8DD9;
			productRefGroup = 7FBBF71923ECA280001D8DD9 /* Products */;
			projectDirPath = "";
			projectRoot = "";
			targets = (
				7FBBF71723ECA280001D8DD9 /* Hackwick11 */,
				7FBBF72B23ECA283001D8DD9 /* Hackwick11Tests */,
				7FBBF73623ECA283001D8DD9 /* Hackwick11UITests */,
			);
		};
/* End PBXProject section */

/* Begin PBXResourcesBuildPhase section */
		7FBBF71623ECA280001D8DD9 /* Resources */ = {
			isa = PBXResourcesBuildPhase;
			buildActionMask = 2147483647;
			files = (
				7FBBF72623ECA282001D8DD9 /* LaunchScreen.storyboard in Resources */,
				7FBBF72323ECA282001D8DD9 /* Assets.xcassets in Resources */,
				7FBBF72123ECA281001D8DD9 /* Main.storyboard in Resources */,
			);
			runOnlyForDeploymentPostprocessing = 0;
		};
		7FBBF72A23ECA283001D8DD9 /* Resources */ = {
			isa = PBXResourcesBuildPhase;
			buildActionMask = 2147483647;
			files = (
			);
			runOnlyForDeploymentPostprocessing = 0;
		};
		7FBBF73523ECA283001D8DD9 /* Resources */ = {
			isa = PBXResourcesBuildPhase;
			buildActionMask = 2147483647;
			files = (
			);
			runOnlyForDeploymentPostprocessing = 0;
		};
/* End PBXResourcesBuildPhase section */

/* Begin PBXSourcesBuildPhase section */
		7FBBF71423ECA280001D8DD9 /* Sources */ = {
			isa = PBXSourcesBuildPhase;
			buildActionMask = 2147483647;
			files = (
				7FBBF71E23ECA280001D8DD9 /* ViewController.swift in Sources */,
				7FBBF71C23ECA280001D8DD9 /* AppDelegate.swift in Sources */,
			);
			runOnlyForDeploymentPostprocessing = 0;
		};
		7FBBF72823ECA283001D8DD9 /* Sources */ = {
			isa = PBXSourcesBuildPhase;
			buildActionMask = 2147483647;
			files = (
				7FBBF73123ECA283001D8DD9 /* Hackwick11Tests.swift in Sources */,
			);
			runOnlyForDeploymentPostprocessing = 0;
		};
		7FBBF73323ECA283001D8DD9 /* Sources */ = {
			isa = PBXSourcesBuildPhase;
			buildActionMask = 2147483647;
			files = (
				7FBBF73C23ECA283001D8DD9 /* Hackwick11UITests.swift in Sources */,
			);
			runOnlyForDeploymentPostprocessing = 0;
		};
/* End PBXSourcesBuildPhase section */

/* Begin PBXTargetDependency section */
		7FBBF72E23ECA283001D8DD9 /* PBXTargetDependency */ = {
			isa = PBXTargetDependency;
			target = 7FBBF71723ECA280001D8DD9 /* Hackwick11 */;
			targetProxy = 7FBBF72D23ECA283001D8DD9 /* PBXContainerItemProxy */;
		};
		7FBBF73923ECA283001D8DD9 /* PBXTargetDependency */ = {
			isa = PBXTargetDependency;
			target = 7FBBF71723ECA280001D8DD9 /* Hackwick11 */;
			targetProxy = 7FBBF73823ECA283001D8DD9 /* PBXContainerItemProxy */;
		};
/* End PBXTargetDependency section */

/* Begin PBXVariantGroup section */
		7FBBF71F23ECA281001D8DD9 /* Main.storyboard */ = {
			isa = PBXVariantGroup;
			children = (
				7FBBF72023ECA281001D8DD9 /* Base */,
			);
			name = Main.storyboard;
			sourceTree = "<group>";
		};
		7FBBF72423ECA282001D8DD9 /* LaunchScreen.storyboard */ = {
			isa = PBXVariantGroup;
			children = (
				7FBBF72523ECA282001D8DD9 /* Base */,
			);
			name = LaunchScreen.storyboard;
			sourceTree = "<group>";
		};
/* End PBXVariantGroup section */

/* Begin XCBuildConfiguration section */
		7FBBF73E23ECA283001D8DD9 /* Debug */ = {
			isa = XCBuildConfiguration;
			buildSettings = {
				ALWAYS_SEARCH_USER_PATHS = NO;
				CLANG_ANALYZER_NONNULL = YES;
				CLANG_ANALYZER_NUMBER_OBJECT_CONVERSION = YES_AGGRESSIVE;
				CLANG_CXX_LANGUAGE_STANDARD = "gnu++14";
				CLANG_CXX_LIBRARY = "libc++";
				CLANG_ENABLE_MODULES = YES;
				CLANG_ENABLE_OBJC_ARC = YES;
				CLANG_ENABLE_OBJC_WEAK = YES;
				CLANG_WARN_BLOCK_CAPTURE_AUTORELEASING = YES;
				CLANG_WARN_BOOL_CONVERSION = YES;
				CLANG_WARN_COMMA = YES;
				CLANG_WARN_CONSTANT_CONVERSION = YES;
				CLANG_WARN_DEPRECATED_OBJC_IMPLEMENTATIONS = YES;
				CLANG_WARN_DIRECT_OBJC_ISA_USAGE = YES_ERROR;
				CLANG_WARN_DOCUMENTATION_COMMENTS = YES;
				CLANG_WARN_EMPTY_BODY = YES;
				CLANG_WARN_ENUM_CONVERSION = YES;
				CLANG_WARN_INFINITE_RECURSION = YES;
				CLANG_WARN_INT_CONVERSION = YES;
				CLANG_WARN_NON_LITERAL_NULL_CONVERSION = YES;
				CLANG_WARN_OBJC_IMPLICIT_RETAIN_SELF = YES;
				CLANG_WARN_OBJC_LITERAL_CONVERSION = YES;
				CLANG_WARN_OBJC_ROOT_CLASS = YES_ERROR;
				CLANG_WARN_RANGE_LOOP_ANALYSIS = YES;
				CLANG_WARN_STRICT_PROTOTYPES = YES;
				CLANG_WARN_SUSPICIOUS_MOVE = YES;
				CLANG_WARN_UNGUARDED_AVAILABILITY = YES_AGGRESSIVE;
				CLANG_WARN_UNREACHABLE_CODE = YES;
				CLANG_WARN__DUPLICATE_METHOD_MATCH = YES;
				CODE_SIGN_IDENTITY = "iPhone Developer";
				COPY_PHASE_STRIP = NO;
				DEBUG_INFORMATION_FORMAT = dwarf;
				ENABLE_STRICT_OBJC_MSGSEND = YES;
				ENABLE_TESTABILITY = YES;
				GCC_C_LANGUAGE_STANDARD = gnu11;
				GCC_DYNAMIC_NO_PIC = NO;
				GCC_NO_COMMON_BLOCKS = YES;
				GCC_OPTIMIZATION_LEVEL = 0;
				GCC_PREPROCESSOR_DEFINITIONS = (
					"DEBUG=1",
					"$(inherited)",
				);
				GCC_WARN_64_TO_32_BIT_CONVERSION = YES;
				GCC_WARN_ABOUT_RETURN_TYPE = YES_ERROR;
				GCC_WARN_UNDECLARED_SELECTOR = YES;
				GCC_WARN_UNINITIALIZED_AUTOS = YES_AGGRESSIVE;
				GCC_WARN_UNUSED_FUNCTION = YES;
				GCC_WARN_UNUSED_VARIABLE = YES;
				IPHONEOS_DEPLOYMENT_TARGET = 12.1;
				MTL_ENABLE_DEBUG_INFO = INCLUDE_SOURCE;
				MTL_FAST_MATH = YES;
				ONLY_ACTIVE_ARCH = YES;
				SDKROOT = iphoneos;
				SWIFT_ACTIVE_COMPILATION_CONDITIONS = DEBUG;
				SWIFT_OPTIMIZATION_LEVEL = "-Onone";
			};
			name = Debug;
		};
		7FBBF73F23ECA283001D8DD9 /* Release */ = {
			isa = XCBuildConfiguration;
			buildSettings = {
				ALWAYS_SEARCH_USER_PATHS = NO;
				CLANG_ANALYZER_NONNULL = YES;
				CLANG_ANALYZER_NUMBER_OBJECT_CONVERSION = YES_AGGRESSIVE;
				CLANG_CXX_LANGUAGE_STANDARD = "gnu++14";
				CLANG_CXX_LIBRARY = "libc++";
				CLANG_ENABLE_MODULES = YES;
				CLANG_ENABLE_OBJC_ARC = YES;
				CLANG_ENABLE_OBJC_WEAK = YES;
				CLANG_WARN_BLOCK_CAPTURE_AUTORELEASING = YES;
				CLANG_WARN_BOOL_CONVERSION = YES;
				CLANG_WARN_COMMA = YES;
				CLANG_WARN_CONSTANT_CONVERSION = YES;
				CLANG_WARN_DEPRECATED_OBJC_IMPLEMENTATIONS = YES;
				CLANG_WARN_DIRECT_OBJC_ISA_USAGE = YES_ERROR;
				CLANG_WARN_DOCUMENTATION_COMMENTS = YES;
				CLANG_WARN_EMPTY_BODY = YES;
				CLANG_WARN_ENUM_CONVERSION = YES;
				CLANG_WARN_INFINITE_RECURSION = YES;
				CLANG_WARN_INT_CONVERSION = YES;
				CLANG_WARN_NON_LITERAL_NULL_CONVERSION = YES;
				CLANG_WARN_OBJC_IMPLICIT_RETAIN_SELF = YES;
				CLANG_WARN_OBJC_LITERAL_CONVERSION = YES;
				CLANG_WARN_OBJC_ROOT_CLASS = YES_ERROR;
				CLANG_WARN_RANGE_LOOP_ANALYSIS = YES;
				CLANG_WARN_STRICT_PROTOTYPES = YES;
				CLANG_WARN_SUSPICIOUS_MOVE = YES;
				CLANG_WARN_UNGUARDED_AVAILABILITY = YES_AGGRESSIVE;
				CLANG_WARN_UNREACHABLE_CODE = YES;
				CLANG_WARN__DUPLICATE_METHOD_MATCH = YES;
				CODE_SIGN_IDENTITY = "iPhone Developer";
				COPY_PHASE_STRIP = NO;
				DEBUG_INFORMATION_FORMAT = "dwarf-with-dsym";
				ENABLE_NS_ASSERTIONS = NO;
				ENABLE_STRICT_OBJC_MSGSEND = YES;
				GCC_C_LANGUAGE_STANDARD = gnu11;
				GCC_NO_COMMON_BLOCKS = YES;
				GCC_WARN_64_TO_32_BIT_CONVERSION = YES;
				GCC_WARN_ABOUT_RETURN_TYPE = YES_ERROR;
				GCC_WARN_UNDECLARED_SELECTOR = YES;
				GCC_WARN_UNINITIALIZED_AUTOS = YES_AGGRESSIVE;
				GCC_WARN_UNUSED_FUNCTION = YES;
				GCC_WARN_UNUSED_VARIABLE = YES;
				IPHONEOS_DEPLOYMENT_TARGET = 12.1;
				MTL_ENABLE_DEBUG_INFO = NO;
				MTL_FAST_MATH = YES;
				SDKROOT = iphoneos;
				SWIFT_COMPILATION_MODE = wholemodule;
				SWIFT_OPTIMIZATION_LEVEL = "-O";
				VALIDATE_PRODUCT = YES;
			};
			name = Release;
		};
		7FBBF74123ECA283001D8DD9 /* Debug */ = {
			isa = XCBuildConfiguration;
			buildSettings = {
				ASSETCATALOG_COMPILER_APPICON_NAME = AppIcon;
				CODE_SIGN_STYLE = Automatic;
				INFOPLIST_FILE = Hackwick11/Info.plist;
				LD_RUNPATH_SEARCH_PATHS = (
					"$(inherited)",
					"@executable_path/Frameworks",
				);
				PRODUCT_BUNDLE_IDENTIFIER = UHWO.Hackwick11;
				PRODUCT_NAME = "$(TARGET_NAME)";
				SWIFT_VERSION = 4.2;
				TARGETED_DEVICE_FAMILY = "1,2";
			};
			name = Debug;
		};
		7FBBF74223ECA283001D8DD9 /* Release */ = {
			isa = XCBuildConfiguration;
			buildSettings = {
				ASSETCATALOG_COMPILER_APPICON_NAME = AppIcon;
				CODE_SIGN_STYLE = Automatic;
				INFOPLIST_FILE = Hackwick11/Info.plist;
				LD_RUNPATH_SEARCH_PATHS = (
					"$(inherited)",
					"@executable_path/Frameworks",
				);
				PRODUCT_BUNDLE_IDENTIFIER = UHWO.Hackwick11;
				PRODUCT_NAME = "$(TARGET_NAME)";
				SWIFT_VERSION = 4.2;
				TARGETED_DEVICE_FAMILY = "1,2";
			};
			name = Release;
		};
		7FBBF74423ECA283001D8DD9 /* Debug */ = {
			isa = XCBuildConfiguration;
			buildSettings = {
				ALWAYS_EMBED_SWIFT_STANDARD_LIBRARIES = YES;
				BUNDLE_LOADER = "$(TEST_HOST)";
				CODE_SIGN_STYLE = Automatic;
				INFOPLIST_FILE = Hackwick11Tests/Info.plist;
				LD_RUNPATH_SEARCH_PATHS = (
					"$(inherited)",
					"@executable_path/Frameworks",
					"@loader_path/Frameworks",
				);
				PRODUCT_BUNDLE_IDENTIFIER = UHWO.Hackwick11Tests;
				PRODUCT_NAME = "$(TARGET_NAME)";
				SWIFT_VERSION = 4.2;
				TARGETED_DEVICE_FAMILY = "1,2";
				TEST_HOST = "$(BUILT_PRODUCTS_DIR)/Hackwick11.app/Hackwick11";
			};
			name = Debug;
		};
		7FBBF74523ECA283001D8DD9 /* Release */ = {
			isa = XCBuildConfiguration;
			buildSettings = {
				ALWAYS_EMBED_SWIFT_STANDARD_LIBRARIES = YES;
				BUNDLE_LOADER = "$(TEST_HOST)";
				CODE_SIGN_STYLE = Automatic;
				INFOPLIST_FILE = Hackwick11Tests/Info.plist;
				LD_RUNPATH_SEARCH_PATHS = (
					"$(inherited)",
					"@executable_path/Frameworks",
					"@loader_path/Frameworks",
				);
				PRODUCT_BUNDLE_IDENTIFIER = UHWO.Hackwick11Tests;
				PRODUCT_NAME = "$(TARGET_NAME)";
				SWIFT_VERSION = 4.2;
				TARGETED_DEVICE_FAMILY = "1,2";
				TEST_HOST = "$(BUILT_PRODUCTS_DIR)/Hackwick11.app/Hackwick11";
			};
			name = Release;
		};
		7FBBF74723ECA283001D8DD9 /* Debug */ = {
			isa = XCBuildConfiguration;
			buildSettings = {
				ALWAYS_EMBED_SWIFT_STANDARD_LIBRARIES = YES;
				CODE_SIGN_STYLE = Automatic;
				INFOPLIST_FILE = Hackwick11UITests/Info.plist;
				LD_RUNPATH_SEARCH_PATHS = (
					"$(inherited)",
					"@executable_path/Frameworks",
					"@loader_path/Frameworks",
				);
				PRODUCT_BUNDLE_IDENTIFIER = UHWO.Hackwick11UITests;
				PRODUCT_NAME = "$(TARGET_NAME)";
				SWIFT_VERSION = 4.2;
				TARGETED_DEVICE_FAMILY = "1,2";
				TEST_TARGET_NAME = Hackwick11;
			};
			name = Debug;
		};
		7FBBF74823ECA283001D8DD9 /* Release */ = {
			isa = XCBuildConfiguration;
			buildSettings = {
				ALWAYS_EMBED_SWIFT_STANDARD_LIBRARIES = YES;
				CODE_SIGN_STYLE = Automatic;
				INFOPLIST_FILE = Hackwick11UITests/Info.plist;
				LD_RUNPATH_SEARCH_PATHS = (
					"$(inherited)",
					"@executable_path/Frameworks",
					"@loader_path/Frameworks",
				);
				PRODUCT_BUNDLE_IDENTIFIER = UHWO.Hackwick11UITests;
				PRODUCT_NAME = "$(TARGET_NAME)";
				SWIFT_VERSION = 4.2;
				TARGETED_DEVICE_FAMILY = "1,2";
				TEST_TARGET_NAME = Hackwick11;
			};
			name = Release;
		};
/* End XCBuildConfiguration section */

/* Begin XCConfigurationList section */
		7FBBF71323ECA280001D8DD9 /* Build configuration list for PBXProject "Hackwick11" */ = {
			isa = XCConfigurationList;
			buildConfigurations = (
				7FBBF73E23ECA283001D8DD9 /* Debug */,
				7FBBF73F23ECA283001D8DD9 /* Release */,
			);
			defaultConfigurationIsVisible = 0;
			defaultConfigurationName = Release;
		};
		7FBBF74023ECA283001D8DD9 /* Build configuration list for PBXNativeTarget "Hackwick11" */ = {
			isa = XCConfigurationList;
			buildConfigurations = (
				7FBBF74123ECA283001D8DD9 /* Debug */,
				7FBBF74223ECA283001D8DD9 /* Release */,
			);
			defaultConfigurationIsVisible = 0;
			defaultConfigurationName = Release;
		};
		7FBBF74323ECA283001D8DD9 /* Build configuration list for PBXNativeTarget "Hackwick11Tests" */ = {
			isa = XCConfigurationList;
			buildConfigurations = (
				7FBBF74423ECA283001D8DD9 /* Debug */,
				7FBBF74523ECA283001D8DD9 /* Release */,
			);
			defaultConfigurationIsVisible = 0;
			defaultConfigurationName = Release;
		};
		7FBBF74623ECA283001D8DD9 /* Build configuration list for PBXNativeTarget "Hackwick11UITests" */ = {
			isa = XCConfigurationList;
			buildConfigurations = (
				7FBBF74723ECA283001D8DD9 /* Debug */,
				7FBBF74823ECA283001D8DD9 /* Release */,
			);
			defaultConfigurationIsVisible = 0;
			defaultConfigurationName = Release;
		};
/* End XCConfigurationList section */
	};
	rootObject = 7FBBF71023ECA280001D8DD9 /* Project object */;
}
